{
  "name": "online-exam",
  "lockfileVersion": 3,
  "requires": true,
  "packages": {
    "": {
      "dependencies": {
        "miniprogram-table-component": "^1.1.0"
      }
    },
    "node_modules/miniprogram-table-component": {
      "version": "1.1.0",
      "resolved": "https://registry.npmmirror.com/miniprogram-table-component/-/miniprogram-table-component-1.1.0.tgz",
      "integrity": "sha512-TRgo+2ouPqPI42EcXUM/5BndZAueWtk0v2tDmImujYPtmFWiQT/lmgL9TgUFWowfoFM5HsKrLqagIrMKXj9bRw=="
    }
  }
}
